
Microsoft Visual Studio Solution File, Format Version 12.00
# Visual Studio Version 17
VisualStudioVersion = 17.9.34407.89
MinimumVisualStudioVersion = 10.0.40219.1
Project("{FAE04EC0-301F-11D3-BF4B-00C04F79EFBC}") = "TextCap", "src\TextCap\TextCap.csproj", "{59A42167-38DB-426A-B36B-BEFD38C1005B}"
EndProject
Project("{FAE04EC0-301F-11D3-BF4B-00C04F79EFBC}") = "TextCap.Test", "tests\TextCap.Test\TextCap.Test.csproj", "{0EA07131-3954-447E-8FC8-3E2F8618A359}"
EndProject
Project("{2150E333-8FDC-42A3-9474-1A3956D46DE8}") = "src", "src", "{A2C91561-29C6-4C3D-A303-940C749065A9}"
EndProject
Project("{2150E333-8FDC-42A3-9474-1A3956D46DE8}") = "tests", "tests", "{DFE4F6E6-BEC3-4642-B2A1-4F4A98D48D4A}"
EndProject
Project("{2150E333-8FDC-42A3-9474-1A3956D46DE8}") = "docs", "docs", "{C1619D88-3413-4B4C-B4A2-5FB082468D86}"
	ProjectSection(SolutionItems) = preProject
		README.md = README.md
		docs\screenshot.jpg = docs\screenshot.jpg
		docs\TextCap-v1-demo.mp4 = docs\TextCap-v1-demo.mp4
	EndProjectSection
EndProject
Project("{2150E333-8FDC-42A3-9474-1A3956D46DE8}") = "Installer", "Installer", "{A368C0D6-078E-4ADA-AF27-9141EFFACDFA}"
EndProject
Project("{FAE04EC0-301F-11D3-BF4B-00C04F79EFBC}") = "Installer", "installer\Installer.csproj", "{FDD62C43-C970-41EA-8E33-DBE07C8F1496}"
EndProject
Global
	GlobalSection(SolutionConfigurationPlatforms) = preSolution
		Debug|Any CPU = Debug|Any CPU
		Debug|ARM64 = Debug|ARM64
		Debug|x64 = Debug|x64
		Debug|x86 = Debug|x86
		Release|Any CPU = Release|Any CPU
		Release|ARM64 = Release|ARM64
		Release|x64 = Release|x64
		Release|x86 = Release|x86
	EndGlobalSection
	GlobalSection(ProjectConfigurationPlatforms) = postSolution
		{59A42167-38DB-426A-B36B-BEFD38C1005B}.Debug|Any CPU.ActiveCfg = Debug|Any CPU
		{59A42167-38DB-426A-B36B-BEFD38C1005B}.Debug|Any CPU.Build.0 = Debug|Any CPU
		{59A42167-38DB-426A-B36B-BEFD38C1005B}.Debug|ARM64.ActiveCfg = Debug|Any CPU
		{59A42167-38DB-426A-B36B-BEFD38C1005B}.Debug|ARM64.Build.0 = Debug|Any CPU
		{59A42167-38DB-426A-B36B-BEFD38C1005B}.Debug|x64.ActiveCfg = Debug|Any CPU
		{59A42167-38DB-426A-B36B-BEFD38C1005B}.Debug|x64.Build.0 = Debug|Any CPU
		{59A42167-38DB-426A-B36B-BEFD38C1005B}.Debug|x86.ActiveCfg = Debug|Any CPU
		{59A42167-38DB-426A-B36B-BEFD38C1005B}.Debug|x86.Build.0 = Debug|Any CPU
		{59A42167-38DB-426A-B36B-BEFD38C1005B}.Release|Any CPU.ActiveCfg = Release|Any CPU
		{59A42167-38DB-426A-B36B-BEFD38C1005B}.Release|Any CPU.Build.0 = Release|Any CPU
		{59A42167-38DB-426A-B36B-BEFD38C1005B}.Release|ARM64.ActiveCfg = Release|Any CPU
		{59A42167-38DB-426A-B36B-BEFD38C1005B}.Release|ARM64.Build.0 = Release|Any CPU
		{59A42167-38DB-426A-B36B-BEFD38C1005B}.Release|x64.ActiveCfg = Release|Any CPU
		{59A42167-38DB-426A-B36B-BEFD38C1005B}.Release|x64.Build.0 = Release|Any CPU
		{59A42167-38DB-426A-B36B-BEFD38C1005B}.Release|x86.ActiveCfg = Release|Any CPU
		{59A42167-38DB-426A-B36B-BEFD38C1005B}.Release|x86.Build.0 = Release|Any CPU
		{0EA07131-3954-447E-8FC8-3E2F8618A359}.Debug|Any CPU.ActiveCfg = Debug|Any CPU
		{0EA07131-3954-447E-8FC8-3E2F8618A359}.Debug|Any CPU.Build.0 = Debug|Any CPU
		{0EA07131-3954-447E-8FC8-3E2F8618A359}.Debug|ARM64.ActiveCfg = Debug|Any CPU
		{0EA07131-3954-447E-8FC8-3E2F8618A359}.Debug|ARM64.Build.0 = Debug|Any CPU
		{0EA07131-3954-447E-8FC8-3E2F8618A359}.Debug|x64.ActiveCfg = Debug|Any CPU
		{0EA07131-3954-447E-8FC8-3E2F8618A359}.Debug|x64.Build.0 = Debug|Any CPU
		{0EA07131-3954-447E-8FC8-3E2F8618A359}.Debug|x86.ActiveCfg = Debug|Any CPU
		{0EA07131-3954-447E-8FC8-3E2F8618A359}.Debug|x86.Build.0 = Debug|Any CPU
		{0EA07131-3954-447E-8FC8-3E2F8618A359}.Release|Any CPU.ActiveCfg = Release|Any CPU
		{0EA07131-3954-447E-8FC8-3E2F8618A359}.Release|Any CPU.Build.0 = Release|Any CPU
		{0EA07131-3954-447E-8FC8-3E2F8618A359}.Release|ARM64.ActiveCfg = Release|Any CPU
		{0EA07131-3954-447E-8FC8-3E2F8618A359}.Release|ARM64.Build.0 = Release|Any CPU
		{0EA07131-3954-447E-8FC8-3E2F8618A359}.Release|x64.ActiveCfg = Release|Any CPU
		{0EA07131-3954-447E-8FC8-3E2F8618A359}.Release|x64.Build.0 = Release|Any CPU
		{0EA07131-3954-447E-8FC8-3E2F8618A359}.Release|x86.ActiveCfg = Release|Any CPU
		{0EA07131-3954-447E-8FC8-3E2F8618A359}.Release|x86.Build.0 = Release|Any CPU
		{FDD62C43-C970-41EA-8E33-DBE07C8F1496}.Debug|Any CPU.ActiveCfg = Debug|Any CPU
		{FDD62C43-C970-41EA-8E33-DBE07C8F1496}.Debug|Any CPU.Build.0 = Debug|Any CPU
		{FDD62C43-C970-41EA-8E33-DBE07C8F1496}.Debug|ARM64.ActiveCfg = Debug|Any CPU
		{FDD62C43-C970-41EA-8E33-DBE07C8F1496}.Debug|ARM64.Build.0 = Debug|Any CPU
		{FDD62C43-C970-41EA-8E33-DBE07C8F1496}.Debug|x64.ActiveCfg = Debug|Any CPU
		{FDD62C43-C970-41EA-8E33-DBE07C8F1496}.Debug|x64.Build.0 = Debug|Any CPU
		{FDD62C43-C970-41EA-8E33-DBE07C8F1496}.Debug|x86.ActiveCfg = Debug|Any CPU
		{FDD62C43-C970-41EA-8E33-DBE07C8F1496}.Debug|x86.Build.0 = Debug|Any CPU
		{FDD62C43-C970-41EA-8E33-DBE07C8F1496}.Release|Any CPU.ActiveCfg = Release|Any CPU
		{FDD62C43-C970-41EA-8E33-DBE07C8F1496}.Release|Any CPU.Build.0 = Release|Any CPU
		{FDD62C43-C970-41EA-8E33-DBE07C8F1496}.Release|ARM64.ActiveCfg = Release|Any CPU
		{FDD62C43-C970-41EA-8E33-DBE07C8F1496}.Release|ARM64.Build.0 = Release|Any CPU
		{FDD62C43-C970-41EA-8E33-DBE07C8F1496}.Release|x64.ActiveCfg = Release|Any CPU
		{FDD62C43-C970-41EA-8E33-DBE07C8F1496}.Release|x64.Build.0 = Release|Any CPU
		{FDD62C43-C970-41EA-8E33-DBE07C8F1496}.Release|x86.ActiveCfg = Release|Any CPU
		{FDD62C43-C970-41EA-8E33-DBE07C8F1496}.Release|x86.Build.0 = Release|Any CPU
	EndGlobalSection
	GlobalSection(SolutionProperties) = preSolution
		HideSolutionNode = FALSE
	EndGlobalSection
	GlobalSection(NestedProjects) = preSolution
		{59A42167-38DB-426A-B36B-BEFD38C1005B} = {A2C91561-29C6-4C3D-A303-940C749065A9}
		{0EA07131-3954-447E-8FC8-3E2F8618A359} = {DFE4F6E6-BEC3-4642-B2A1-4F4A98D48D4A}
		{FDD62C43-C970-41EA-8E33-DBE07C8F1496} = {A368C0D6-078E-4ADA-AF27-9141EFFACDFA}
	EndGlobalSection
	GlobalSection(ExtensibilityGlobals) = postSolution
		SolutionGuid = {2664C9EE-B58C-4E1B-834C-D23EA1F8443B}
	EndGlobalSection
EndGlobal
